// !$*UTF8*$!
{
	archiveVersion = 1;
	classes = {
	};
	objectVersion = 46;
	objects = {

/* Begin PBXBuildFile section */
		1B771F0E1D2D8B2700928F4C /* AppDelegate.swift in Sources */ = {isa = PBXBuildFile; fileRef = 1B771F0D1D2D8B2700928F4C /* AppDelegate.swift */; };
		1B771F101D2D8B2700928F4C /* ViewController.swift in Sources */ = {isa = PBXBuildFile; fileRef = 1B771F0F1D2D8B2700928F4C /* ViewController.swift */; };
		1B771F131D2D8B2700928F4C /* Main.storyboard in Resources */ = {isa = PBXBuildFile; fileRef = 1B771F111D2D8B2700928F4C /* Main.storyboard */; };
		1B771F151D2D8B2700928F4C /* Assets.xcassets in Resources */ = {isa = PBXBuildFile; fileRef = 1B771F141D2D8B2700928F4C /* Assets.xcassets */; };
		1B771F181D2D8B2700928F4C /* LaunchScreen.storyboard in Resources */ = {isa = PBXBuildFile; fileRef = 1B771F161D2D8B2700928F4C /* LaunchScreen.storyboard */; };
/* End PBXBuildFile section */

/* Begin PBXFileReference section */
		1B771F0A1D2D8B2700928F4C /* SimonGame.app */ = {isa = PBXFileReference; explicitFileType = wrapper.application; includeInIndex = 0; path = SimonGame.app; sourceTree = BUILT_PRODUCTS_DIR; };
		1B771F0D1D2D8B2700928F4C /* AppDelegate.swift */ = {isa = PBXFileReference; lastKnownFileType = sourcecode.swift; path = AppDelegate.swift; sourceTree = "<group>"; };
		1B771F0F1D2D8B2700928F4C /* ViewController.swift */ = {isa = PBXFileReference; lastKnownFileType = sourcecode.swift; path = ViewController.swift; sourceTree = "<group>"; };
		1B771F121D2D8B2700928F4C /* Base */ = {isa = PBXFileReference; lastKnownFileType = file.storyboard; name = Base; path = Base.lproj/Main.storyboard; sourceTree = "<group>"; };
		1B771F141D2D8B2700928F4C /* Assets.xcassets */ = {isa = PBXFileReference; lastKnownFileType = folder.assetcatalog; path = Assets.xcassets; sourceTree = "<group>"; };
		1B771F171D2D8B2700928F4C /* Base */ = {isa = PBXFileReference; lastKnownFileType = file.storyboard; name = Base; path = Base.lproj/LaunchScreen.storyboard; sourceTree = "<group>"; };
		1B771F191D2D8B2700928F4C /* Info.plist */ = {isa = PBXFileReference; lastKnownFileType = text.plist.xml; path = Info.plist; sourceTree = "<group>"; };
/* End PBXFileReference section */

/* Begin PBXFrameworksBuildPhase section */
		1B771F071D2D8B2700928F4C /* Frameworks */ = {
			isa = PBXFrameworksBuildPhase;
			buildActionMask = 2147483647;
			files = (
			);
			runOnlyForDeploymentPostprocessing = 0;
		};
/* End PBXFrameworksBuildPhase section */

/* Begin PBXGroup section */
		1B771F011D2D8B2700928F4C = {
			isa = PBXGroup;
			children = (
				1B771F0C1D2D8B2700928F4C /* SimonGame */,
				1B771F0B1D2D8B2700928F4C /* Products */,
			);
			sourceTree = "<group>";
		};
		1B771F0B1D2D8B2700928F4C /* Products */ = {
			isa = PBXGroup;
			children = (
				1B771F0A1D2D8B2700928F4C /* SimonGame.app */,
			);
			name = Products;
			sourceTree = "<group>";
		};
		1B771F0C1D2D8B2700928F4C /* SimonGame */ = {
			isa = PBXGroup;
			children = (
				1B771F0D1D2D8B2700928F4C /* AppDelegate.swift */,
				1B771F0F1D2D8B2700928F4C /* ViewController.swift */,
				1B771F111D2D8B2700928F4C /* Main.storyboard */,
				1B771F141D2D8B2700928F4C /* Assets.xcassets */,
				1B771F161D2D8B2700928F4C /* LaunchScreen.storyboard */,
				1B771F191D2D8B2700928F4C /* Info.plist */,
			);
			path = SimonGame;
			sourceTree = "<group>";
		};
/* End PBXGroup section */

/* Begin PBXNativeTarget section */
		1B771F091D2D8B2700928F4C /* SimonGame */ = {
			isa = PBXNativeTarget;
			buildConfigurationList = 1B771F1C1D2D8B2700928F4C /* Build configuration list for PBXNativeTarget "SimonGame" */;
			buildPhases = (
				1B771F061D2D8B2700928F4C /* Sources */,
				1B771F071D2D8B2700928F4C /* Frameworks */,
				1B771F081D2D8B2700928F4C /* Resources */,
			);
			buildRules = (
			);
			dependencies = (
			);
			name = SimonGame;
			productName = SimonGame;
			productReference = 1B771F0A1D2D8B2700928F4C /* SimonGame.app */;
			productType = "com.apple.product-type.application";
		};
/* End PBXNativeTarget section */

/* Begin PBXProject section */
		1B771F021D2D8B2700928F4C /* Project object */ = {
			isa = PBXProject;
			attributes = {
				LastSwiftUpdateCheck = 0730;
				LastUpgradeCheck = 0730;
				ORGANIZATIONNAME = "Flatiron School";
				TargetAttributes = {
					1B771F091D2D8B2700928F4C = {
						CreatedOnToolsVersion = 7.3.1;
					};
				};
			};
			buildConfigurationList = 1B771F051D2D8B2700928F4C /* Build configuration list for PBXProject "SimonGame" */;
			compatibilityVersion = "Xcode 3.2";
			developmentRegion = English;
			hasScannedForEncodings = 0;
			knownRegions = (
				en,
				Base,
			);
			mainGroup = 1B771F011D2D8B2700928F4C;
			productRefGroup = 1B771F0B1D2D8B2700928F4C /* Products */;
			projectDirPath = "";
			projectRoot = "";
			targets = (
				1B771F091D2D8B2700928F4C /* SimonGame */,
			);
		};
/* End PBXProject section */

/* Begin PBXResourcesBuildPhase section */
		1B771F081D2D8B2700928F4C /* Resources */ = {
			isa = PBXResourcesBuildPhase;
			buildActionMask = 2147483647;
			files = (
				1B771F181D2D8B2700928F4C /* LaunchScreen.storyboard in Resources */,
				1B771F151D2D8B2700928F4C /* Assets.xcassets in Resources */,
				1B771F131D2D8B2700928F4C /* Main.storyboard in Resources */,
			);
			runOnlyForDeploymentPostprocessing = 0;
		};
/* End PBXResourcesBuildPhase section */

/* Begin PBXSourcesBuildPhase section */
		1B771F061D2D8B2700928F4C /* Sources */ = {
			isa = PBXSourcesBuildPhase;
			buildActionMask = 2147483647;
			files = (
				1B771F101D2D8B2700928F4C /* ViewController.swift in Sources */,
				1B771F0E1D2D8B2700928F4C /* AppDelegate.swift in Sources */,
			);
			runOnlyForDeploymentPostprocessing = 0;
		};
/* End PBXSourcesBuildPhase section */

/* Begin PBXVariantGroup section */
		1B771F111D2D8B2700928F4C /* Main.storyboard */ = {
			isa = PBXVariantGroup;
			children = (
				1B771F121D2D8B2700928F4C /* Base */,
			);
			name = Main.storyboard;
			sourceTree = "<group>";
		};
		1B771F161D2D8B2700928F4C /* LaunchScreen.storyboard */ = {
			isa = PBXVariantGroup;
			children = (
				1B771F171D2D8B2700928F4C /* Base */,
			);
			name = LaunchScreen.storyboard;
			sourceTree = "<group>";
		};
/* End PBXVariantGroup section */

/* Begin XCBuildConfiguration section */
		1B771F1A1D2D8B2700928F4C /* Debug */ = {
			isa = XCBuildConfiguration;
			buildSettings = {
				ALWAYS_SEARCH_USER_PATHS = NO;
				CLANG_ANALYZER_NONNULL = YES;
				CLANG_CXX_LANGUAGE_STANDARD = "gnu++0x";
				CLANG_CXX_LIBRARY = "libc++";
				CLANG_ENABLE_MODULES = YES;
				CLANG_ENABLE_OBJC_ARC = YES;
				CLANG_WARN_BOOL_CONVERSION = YES;
				CLANG_WARN_CONSTANT_CONVERSION = YES;
				CLANG_WARN_DIRECT_OBJC_ISA_USAGE = YES_ERROR;
				CLANG_WARN_EMPTY_BODY = YES;
				CLANG_WARN_ENUM_CONVERSION = YES;
				CLANG_WARN_INT_CONVERSION = YES;
				CLANG_WARN_OBJC_ROOT_CLASS = YES_ERROR;
				CLANG_WARN_UNREACHABLE_CODE = YES;
				CLANG_WARN__DUPLICATE_METHOD_MATCH = YES;
				"CODE_SIGN_IDENTITY[sdk=iphoneos*]" = "iPhone Developer";
				COPY_PHASE_STRIP = NO;
				DEBUG_INFORMATION_FORMAT = dwarf;
				ENABLE_STRICT_OBJC_MSGSEND = YES;
				ENABLE_TESTABILITY = YES;
				GCC_C_LANGUAGE_STANDARD = gnu99;
				GCC_DYNAMIC_NO_PIC = NO;
				GCC_NO_COMMON_BLOCKS = YES;
				GCC_OPTIMIZATION_LEVEL = 0;
				GCC_PREPROCESSOR_DEFINITIONS = (
					"DEBUG=1",
					"$(inherited)",
				);
				GCC_WARN_64_TO_32_BIT_CONVERSION = YES;
				GCC_WARN_ABOUT_RETURN_TYPE = YES_ERROR;
				GCC_WARN_UNDECLARED_SELECTOR = YES;
				GCC_WARN_UNINITIALIZED_AUTOS = YES_AGGRESSIVE;
				GCC_WARN_UNUSED_FUNCTION = YES;
				GCC_WARN_UNUSED_VARIABLE = YES;
				IPHONEOS_DEPLOYMENT_TARGET = 9.3;
				MTL_ENABLE_DEBUG_INFO = YES;
				ONLY_ACTIVE_ARCH = YES;
				SDKROOT = iphoneos;
				SWIFT_OPTIMIZATION_LEVEL = "-Onone";
			};
			name = Debug;
		};
		1B771F1B1D2D8B2700928F4C /* Release */ = {
			isa = XCBuildConfiguration;
			buildSettings = {
				ALWAYS_SEARCH_USER_PATHS = NO;
				CLANG_ANALYZER_NONNULL = YES;
				CLANG_CXX_LANGUAGE_STANDARD = "gnu++0x";
				CLANG_CXX_LIBRARY = "libc++";
				CLANG_ENABLE_MODULES = YES;
				CLANG_ENABLE_OBJC_ARC = YES;
				CLANG_WARN_BOOL_CONVERSION = YES;
				CLANG_WARN_CONSTANT_CONVERSION = YES;
				CLANG_WARN_DIRECT_OBJC_ISA_USAGE = YES_ERROR;
				CLANG_WARN_EMPTY_BODY = YES;
				CLANG_WARN_ENUM_CONVERSION = YES;
				CLANG_WARN_INT_CONVERSION = YES;
				CLANG_WARN_OBJC_ROOT_CLASS = YES_ERROR;
				CLANG_WARN_UNREACHABLE_CODE = YES;
				CLANG_WARN__DUPLICATE_METHOD_MATCH = YES;
				"CODE_SIGN_IDENTITY[sdk=iphoneos*]" = "iPhone Developer";
				COPY_PHASE_STRIP = NO;
				DEBUG_INFORMATION_FORMAT = "dwarf-with-dsym";
				ENABLE_NS_ASSERTIONS = NO;
				ENABLE_STRICT_OBJC_MSGSEND = YES;
				GCC_C_LANGUAGE_STANDARD = gnu99;
				GCC_NO_COMMON_BLOCKS = YES;
				GCC_WARN_64_TO_32_BIT_CONVERSION = YES;
				GCC_WARN_ABOUT_RETURN_TYPE = YES_ERROR;
				GCC_WARN_UNDECLARED_SELECTOR = YES;
				GCC_WARN_UNINITIALIZED_AUTOS = YES_AGGRESSIVE;
				GCC_WARN_UNUSED_FUNCTION = YES;
				GCC_WARN_UNUSED_VARIABLE = YES;
				IPHONEOS_DEPLOYMENT_TARGET = 9.3;
				MTL_ENABLE_DEBUG_INFO = NO;
				SDKROOT = iphoneos;
				VALIDATE_PRODUCT = YES;
			};
			name = Release;
		};
		1B771F1D1D2D8B2700928F4C /* Debug */ = {
			isa = XCBuildConfiguration;
			buildSettings = {
				ASSETCATALOG_COMPILER_APPICON_NAME = AppIcon;
				INFOPLIST_FILE = SimonGame/Info.plist;
				LD_RUNPATH_SEARCH_PATHS = "$(inherited) @executable_path/Frameworks";
				PRODUCT_BUNDLE_IDENTIFIER = FIS.SimonGame;
				PRODUCT_NAME = "$(TARGET_NAME)";
			};
			name = Debug;
		};
		1B771F1E1D2D8B2700928F4C /* Release */ = {
			isa = XCBuildConfiguration;
			buildSettings = {
				ASSETCATALOG_COMPILER_APPICON_NAME = AppIcon;
				INFOPLIST_FILE = SimonGame/Info.plist;
				LD_RUNPATH_SEARCH_PATHS = "$(inherited) @executable_path/Frameworks";
				PRODUCT_BUNDLE_IDENTIFIER = FIS.SimonGame;
				PRODUCT_NAME = "$(TARGET_NAME)";
			};
			name = Release;
		};
/* End XCBuildConfiguration section */

/* Begin XCConfigurationList section */
		1B771F051D2D8B2700928F4C /* Build configuration list for PBXProject "SimonGame" */ = {
			isa = XCConfigurationList;
			buildConfigurations = (
				1B771F1A1D2D8B2700928F4C /* Debug */,
				1B771F1B1D2D8B2700928F4C /* Release */,
			);
			defaultConfigurationIsVisible = 0;
			defaultConfigurationName = Release;
		};
		1B771F1C1D2D8B2700928F4C /* Build configuration list for PBXNativeTarget "SimonGame" */ = {
			isa = XCConfigurationList;
			buildConfigurations = (
				1B771F1D1D2D8B2700928F4C /* Debug */,
				1B771F1E1D2D8B2700928F4C /* Release */,
			);
			defaultConfigurationIsVisible = 0;
		};
/* End XCConfigurationList section */
	};
	rootObject = 1B771F021D2D8B2700928F4C /* Project object */;
}
